// !$*UTF8*$!
{
	archiveVersion = 1;
	classes = {
	};
	objectVersion = 46;
	objects = {

/* Begin PBXBuildFile section */
		70A547FF1B60277500F6F7A3 /* main.m in Sources */ = {isa = PBXBuildFile; fileRef = 70A547FE1B60277500F6F7A3 /* main.m */; };
		70A548021B60277500F6F7A3 /* AppDelegate.m in Sources */ = {isa = PBXBuildFile; fileRef = 70A548011B60277500F6F7A3 /* AppDelegate.m */; };
		70A548081B60277500F6F7A3 /* Main.storyboard in Resources */ = {isa = PBXBuildFile; fileRef = 70A548061B60277500F6F7A3 /* Main.storyboard */; };
		70A5480A1B60277500F6F7A3 /* Images.xcassets in Resources */ = {isa = PBXBuildFile; fileRef = 70A548091B60277500F6F7A3 /* Images.xcassets */; };
		70A5480D1B60277500F6F7A3 /* LaunchScreen.xib in Resources */ = {isa = PBXBuildFile; fileRef = 70A5480B1B60277500F6F7A3 /* LaunchScreen.xib */; };
		70A548191B60277600F6F7A3 /* PL4HMNoteWithSaveTests.m in Sources */ = {isa = PBXBuildFile; fileRef = 70A548181B60277600F6F7A3 /* PL4HMNoteWithSaveTests.m */; };
		70A548241B6027B300F6F7A3 /* PL4NoteViewController.m in Sources */ = {isa = PBXBuildFile; fileRef = 70A548231B6027B300F6F7A3 /* PL4NoteViewController.m */; };
		70A548271B60281600F6F7A3 /* PL4Note.m in Sources */ = {isa = PBXBuildFile; fileRef = 70A548261B60281600F6F7A3 /* PL4Note.m */; };
/* End PBXBuildFile section */

/* Begin PBXContainerItemProxy section */
		70A548131B60277600F6F7A3 /* PBXContainerItemProxy */ = {
			isa = PBXContainerItemProxy;
			containerPortal = 70A547F11B60277500F6F7A3 /* Project object */;
			proxyType = 1;
			remoteGlobalIDString = 70A547F81B60277500F6F7A3;
			remoteInfo = PL4HMNoteWithSave;
		};
/* End PBXContainerItemProxy section */

/* Begin PBXFileReference section */
		70A547F91B60277500F6F7A3 /* PL4HMNoteWithSave.app */ = {isa = PBXFileReference; explicitFileType = wrapper.application; includeInIndex = 0; path = PL4HMNoteWithSave.app; sourceTree = BUILT_PRODUCTS_DIR; };
		70A547FD1B60277500F6F7A3 /* Info.plist */ = {isa = PBXFileReference; lastKnownFileType = text.plist.xml; path = Info.plist; sourceTree = "<group>"; };
		70A547FE1B60277500F6F7A3 /* main.m */ = {isa = PBXFileReference; lastKnownFileType = sourcecode.c.objc; path = main.m; sourceTree = "<group>"; };
		70A548001B60277500F6F7A3 /* AppDelegate.h */ = {isa = PBXFileReference; lastKnownFileType = sourcecode.c.h; path = AppDelegate.h; sourceTree = "<group>"; };
		70A548011B60277500F6F7A3 /* AppDelegate.m */ = {isa = PBXFileReference; lastKnownFileType = sourcecode.c.objc; path = AppDelegate.m; sourceTree = "<group>"; };
		70A548071B60277500F6F7A3 /* Base */ = {isa = PBXFileReference; lastKnownFileType = file.storyboard; name = Base; path = Base.lproj/Main.storyboard; sourceTree = "<group>"; };
		70A548091B60277500F6F7A3 /* Images.xcassets */ = {isa = PBXFileReference; lastKnownFileType = folder.assetcatalog; path = Images.xcassets; sourceTree = "<group>"; };
		70A5480C1B60277500F6F7A3 /* Base */ = {isa = PBXFileReference; lastKnownFileType = file.xib; name = Base; path = Base.lproj/LaunchScreen.xib; sourceTree = "<group>"; };
		70A548121B60277600F6F7A3 /* PL4HMNoteWithSaveTests.xctest */ = {isa = PBXFileReference; explicitFileType = wrapper.cfbundle; includeInIndex = 0; path = PL4HMNoteWithSaveTests.xctest; sourceTree = BUILT_PRODUCTS_DIR; };
		70A548171B60277600F6F7A3 /* Info.plist */ = {isa = PBXFileReference; lastKnownFileType = text.plist.xml; path = Info.plist; sourceTree = "<group>"; };
		70A548181B60277600F6F7A3 /* PL4HMNoteWithSaveTests.m */ = {isa = PBXFileReference; lastKnownFileType = sourcecode.c.objc; path = PL4HMNoteWithSaveTests.m; sourceTree = "<group>"; };
		70A548221B6027B300F6F7A3 /* PL4NoteViewController.h */ = {isa = PBXFileReference; fileEncoding = 4; lastKnownFileType = sourcecode.c.h; path = PL4NoteViewController.h; sourceTree = "<group>"; };
		70A548231B6027B300F6F7A3 /* PL4NoteViewController.m */ = {isa = PBXFileReference; fileEncoding = 4; lastKnownFileType = sourcecode.c.objc; path = PL4NoteViewController.m; sourceTree = "<group>"; };
		70A548251B60281600F6F7A3 /* PL4Note.h */ = {isa = PBXFileReference; fileEncoding = 4; lastKnownFileType = sourcecode.c.h; path = PL4Note.h; sourceTree = "<group>"; };
		70A548261B60281600F6F7A3 /* PL4Note.m */ = {isa = PBXFileReference; fileEncoding = 4; lastKnownFileType = sourcecode.c.objc; path = PL4Note.m; sourceTree = "<group>"; };
/* End PBXFileReference section */

/* Begin PBXFrameworksBuildPhase section */
		70A547F61B60277500F6F7A3 /* Frameworks */ = {
			isa = PBXFrameworksBuildPhase;
			buildActionMask = 2147483647;
			files = (
			);
			runOnlyForDeploymentPostprocessing = 0;
		};
		70A5480F1B60277600F6F7A3 /* Frameworks */ = {
			isa = PBXFrameworksBuildPhase;
			buildActionMask = 2147483647;
			files = (
			);
			runOnlyForDeploymentPostprocessing = 0;
		};
/* End PBXFrameworksBuildPhase section */

/* Begin PBXGroup section */
		70A547F01B60277500F6F7A3 = {
			isa = PBXGroup;
			children = (
				70A547FB1B60277500F6F7A3 /* PL4HMNoteWithSave */,
				70A548151B60277600F6F7A3 /* PL4HMNoteWithSaveTests */,
				70A547FA1B60277500F6F7A3 /* Products */,
			);
			sourceTree = "<group>";
		};
		70A547FA1B60277500F6F7A3 /* Products */ = {
			isa = PBXGroup;
			children = (
				70A547F91B60277500F6F7A3 /* PL4HMNoteWithSave.app */,
				70A548121B60277600F6F7A3 /* PL4HMNoteWithSaveTests.xctest */,
			);
			name = Products;
			sourceTree = "<group>";
		};
		70A547FB1B60277500F6F7A3 /* PL4HMNoteWithSave */ = {
			isa = PBXGroup;
			children = (
				70A548001B60277500F6F7A3 /* AppDelegate.h */,
				70A548011B60277500F6F7A3 /* AppDelegate.m */,
				70A548221B6027B300F6F7A3 /* PL4NoteViewController.h */,
				70A548231B6027B300F6F7A3 /* PL4NoteViewController.m */,
				70A548061B60277500F6F7A3 /* Main.storyboard */,
				70A548091B60277500F6F7A3 /* Images.xcassets */,
				70A5480B1B60277500F6F7A3 /* LaunchScreen.xib */,
				70A547FC1B60277500F6F7A3 /* Supporting Files */,
				70A548251B60281600F6F7A3 /* PL4Note.h */,
				70A548261B60281600F6F7A3 /* PL4Note.m */,
			);
			path = PL4HMNoteWithSave;
			sourceTree = "<group>";
		};
		70A547FC1B60277500F6F7A3 /* Supporting Files */ = {
			isa = PBXGroup;
			children = (
				70A547FD1B60277500F6F7A3 /* Info.plist */,
				70A547FE1B60277500F6F7A3 /* main.m */,
			);
			name = "Supporting Files";
			sourceTree = "<group>";
		};
		70A548151B60277600F6F7A3 /* PL4HMNoteWithSaveTests */ = {
			isa = PBXGroup;
			children = (
				70A548181B60277600F6F7A3 /* PL4HMNoteWithSaveTests.m */,
				70A548161B60277600F6F7A3 /* Supporting Files */,
			);
			path = PL4HMNoteWithSaveTests;
			sourceTree = "<group>";
		};
		70A548161B60277600F6F7A3 /* Supporting Files */ = {
			isa = PBXGroup;
			children = (
				70A548171B60277600F6F7A3 /* Info.plist */,
			);
			name = "Supporting Files";
			sourceTree = "<group>";
		};
/* End PBXGroup section */

/* Begin PBXNativeTarget section */
		70A547F81B60277500F6F7A3 /* PL4HMNoteWithSave */ = {
			isa = PBXNativeTarget;
			buildConfigurationList = 70A5481C1B60277600F6F7A3 /* Build configuration list for PBXNativeTarget "PL4HMNoteWithSave" */;
			buildPhases = (
				70A547F51B60277500F6F7A3 /* Sources */,
				70A547F61B60277500F6F7A3 /* Frameworks */,
				70A547F71B60277500F6F7A3 /* Resources */,
			);
			buildRules = (
			);
			dependencies = (
			);
			name = PL4HMNoteWithSave;
			productName = PL4HMNoteWithSave;
			productReference = 70A547F91B60277500F6F7A3 /* PL4HMNoteWithSave.app */;
			productType = "com.apple.product-type.application";
		};
		70A548111B60277600F6F7A3 /* PL4HMNoteWithSaveTests */ = {
			isa = PBXNativeTarget;
			buildConfigurationList = 70A5481F1B60277600F6F7A3 /* Build configuration list for PBXNativeTarget "PL4HMNoteWithSaveTests" */;
			buildPhases = (
				70A5480E1B60277600F6F7A3 /* Sources */,
				70A5480F1B60277600F6F7A3 /* Frameworks */,
				70A548101B60277600F6F7A3 /* Resources */,
			);
			buildRules = (
			);
			dependencies = (
				70A548141B60277600F6F7A3 /* PBXTargetDependency */,
			);
			name = PL4HMNoteWithSaveTests;
			productName = PL4HMNoteWithSaveTests;
			productReference = 70A548121B60277600F6F7A3 /* PL4HMNoteWithSaveTests.xctest */;
			productType = "com.apple.product-type.bundle.unit-test";
		};
/* End PBXNativeTarget section */

/* Begin PBXProject section */
		70A547F11B60277500F6F7A3 /* Project object */ = {
			isa = PBXProject;
			attributes = {
				LastUpgradeCheck = 0640;
				ORGANIZATIONNAME = "Semen Matsepura";
				TargetAttributes = {
					70A547F81B60277500F6F7A3 = {
						CreatedOnToolsVersion = 6.4;
					};
					70A548111B60277600F6F7A3 = {
						CreatedOnToolsVersion = 6.4;
						TestTargetID = 70A547F81B60277500F6F7A3;
					};
				};
			};
			buildConfigurationList = 70A547F41B60277500F6F7A3 /* Build configuration list for PBXProject "PL4HMNoteWithSave" */;
			compatibilityVersion = "Xcode 3.2";
			developmentRegion = English;
			hasScannedForEncodings = 0;
			knownRegions = (
				en,
				Base,
			);
			mainGroup = 70A547F01B60277500F6F7A3;
			productRefGroup = 70A547FA1B60277500F6F7A3 /* Products */;
			projectDirPath = "";
			projectRoot = "";
			targets = (
				70A547F81B60277500F6F7A3 /* PL4HMNoteWithSave */,
				70A548111B60277600F6F7A3 /* PL4HMNoteWithSaveTests */,
			);
		};
/* End PBXProject section */

/* Begin PBXResourcesBuildPhase section */
		70A547F71B60277500F6F7A3 /* Resources */ = {
			isa = PBXResourcesBuildPhase;
			buildActionMask = 2147483647;
			files = (
				70A548081B60277500F6F7A3 /* Main.storyboard in Resources */,
				70A5480D1B60277500F6F7A3 /* LaunchScreen.xib in Resources */,
				70A5480A1B60277500F6F7A3 /* Images.xcassets in Resources */,
			);
			runOnlyForDeploymentPostprocessing = 0;
		};
		70A548101B60277600F6F7A3 /* Resources */ = {
			isa = PBXResourcesBuildPhase;
			buildActionMask = 2147483647;
			files = (
			);
			runOnlyForDeploymentPostprocessing = 0;
		};
/* End PBXResourcesBuildPhase section */

/* Begin PBXSourcesBuildPhase section */
		70A547F51B60277500F6F7A3 /* Sources */ = {
			isa = PBXSourcesBuildPhase;
			buildActionMask = 2147483647;
			files = (
				70A548021B60277500F6F7A3 /* AppDelegate.m in Sources */,
				70A548241B6027B300F6F7A3 /* PL4NoteViewController.m in Sources */,
				70A548271B60281600F6F7A3 /* PL4Note.m in Sources */,
				70A547FF1B60277500F6F7A3 /* main.m in Sources */,
			);
			runOnlyForDeploymentPostprocessing = 0;
		};
		70A5480E1B60277600F6F7A3 /* Sources */ = {
			isa = PBXSourcesBuildPhase;
			buildActionMask = 2147483647;
			files = (
				70A548191B60277600F6F7A3 /* PL4HMNoteWithSaveTests.m in Sources */,
			);
			runOnlyForDeploymentPostprocessing = 0;
		};
/* End PBXSourcesBuildPhase section */

/* Begin PBXTargetDependency section */
		70A548141B60277600F6F7A3 /* PBXTargetDependency */ = {
			isa = PBXTargetDependency;
			target = 70A547F81B60277500F6F7A3 /* PL4HMNoteWithSave */;
			targetProxy = 70A548131B60277600F6F7A3 /* PBXContainerItemProxy */;
		};
/* End PBXTargetDependency section */

/* Begin PBXVariantGroup section */
		70A548061B60277500F6F7A3 /* Main.storyboard */ = {
			isa = PBXVariantGroup;
			children = (
				70A548071B60277500F6F7A3 /* Base */,
			);
			name = Main.storyboard;
			sourceTree = "<group>";
		};
		70A5480B1B60277500F6F7A3 /* LaunchScreen.xib */ = {
			isa = PBXVariantGroup;
			children = (
				70A5480C1B60277500F6F7A3 /* Base */,
			);
			name = LaunchScreen.xib;
			sourceTree = "<group>";
		};
/* End PBXVariantGroup section */

/* Begin XCBuildConfiguration section */
		70A5481A1B60277600F6F7A3 /* Debug */ = {
			isa = XCBuildConfiguration;
			buildSettings = {
				ALWAYS_SEARCH_USER_PATHS = NO;
				CLANG_CXX_LANGUAGE_STANDARD = "gnu++0x";
				CLANG_CXX_LIBRARY = "libc++";
				CLANG_ENABLE_MODULES = YES;
				CLANG_ENABLE_OBJC_ARC = YES;
				CLANG_WARN_BOOL_CONVERSION = YES;
				CLANG_WARN_CONSTANT_CONVERSION = YES;
				CLANG_WARN_DIRECT_OBJC_ISA_USAGE = YES_ERROR;
				CLANG_WARN_EMPTY_BODY = YES;
				CLANG_WARN_ENUM_CONVERSION = YES;
				CLANG_WARN_INT_CONVERSION = YES;
				CLANG_WARN_OBJC_ROOT_CLASS = YES_ERROR;
				CLANG_WARN_UNREACHABLE_CODE = YES;
				CLANG_WARN__DUPLICATE_METHOD_MATCH = YES;
				"CODE_SIGN_IDENTITY[sdk=iphoneos*]" = "iPhone Developer";
				COPY_PHASE_STRIP = NO;
				DEBUG_INFORMATION_FORMAT = "dwarf-with-dsym";
				ENABLE_STRICT_OBJC_MSGSEND = YES;
				GCC_C_LANGUAGE_STANDARD = gnu99;
				GCC_DYNAMIC_NO_PIC = NO;
				GCC_NO_COMMON_BLOCKS = YES;
				GCC_OPTIMIZATION_LEVEL = 0;
				GCC_PREPROCESSOR_DEFINITIONS = (
					"DEBUG=1",
					"$(inherited)",
				);
				GCC_SYMBOLS_PRIVATE_EXTERN = NO;
				GCC_WARN_64_TO_32_BIT_CONVERSION = YES;
				GCC_WARN_ABOUT_RETURN_TYPE = YES_ERROR;
				GCC_WARN_UNDECLARED_SELECTOR = YES;
				GCC_WARN_UNINITIALIZED_AUTOS = YES_AGGRESSIVE;
				GCC_WARN_UNUSED_FUNCTION = YES;
				GCC_WARN_UNUSED_VARIABLE = YES;
				IPHONEOS_DEPLOYMENT_TARGET = 8.4;
				MTL_ENABLE_DEBUG_INFO = YES;
				ONLY_ACTIVE_ARCH = YES;
				SDKROOT = iphoneos;
				TARGETED_DEVICE_FAMILY = "1,2";
			};
			name = Debug;
		};
		70A5481B1B60277600F6F7A3 /* Release */ = {
			isa = XCBuildConfiguration;
			buildSettings = {
				ALWAYS_SEARCH_USER_PATHS = NO;
				CLANG_CXX_LANGUAGE_STANDARD = "gnu++0x";
				CLANG_CXX_LIBRARY = "libc++";
				CLANG_ENABLE_MODULES = YES;
				CLANG_ENABLE_OBJC_ARC = YES;
				CLANG_WARN_BOOL_CONVERSION = YES;
				CLANG_WARN_CONSTANT_CONVERSION = YES;
				CLANG_WARN_DIRECT_OBJC_ISA_USAGE = YES_ERROR;
				CLANG_WARN_EMPTY_BODY = YES;
				CLANG_WARN_ENUM_CONVERSION = YES;
				CLANG_WARN_INT_CONVERSION = YES;
				CLANG_WARN_OBJC_ROOT_CLASS = YES_ERROR;
				CLANG_WARN_UNREACHABLE_CODE = YES;
				CLANG_WARN__DUPLICATE_METHOD_MATCH = YES;
				"CODE_SIGN_IDENTITY[sdk=iphoneos*]" = "iPhone Developer";
				COPY_PHASE_STRIP = NO;
				DEBUG_INFORMATION_FORMAT = "dwarf-with-dsym";
				ENABLE_NS_ASSERTIONS = NO;
				ENABLE_STRICT_OBJC_MSGSEND = YES;
				GCC_C_LANGUAGE_STANDARD = gnu99;
				GCC_NO_COMMON_BLOCKS = YES;
				GCC_WARN_64_TO_32_BIT_CONVERSION = YES;
				GCC_WARN_ABOUT_RETURN_TYPE = YES_ERROR;
				GCC_WARN_UNDECLARED_SELECTOR = YES;
				GCC_WARN_UNINITIALIZED_AUTOS = YES_AGGRESSIVE;
				GCC_WARN_UNUSED_FUNCTION = YES;
				GCC_WARN_UNUSED_VARIABLE = YES;
				IPHONEOS_DEPLOYMENT_TARGET = 8.4;
				MTL_ENABLE_DEBUG_INFO = NO;
				SDKROOT = iphoneos;
				TARGETED_DEVICE_FAMILY = "1,2";
				VALIDATE_PRODUCT = YES;
			};
			name = Release;
		};
		70A5481D1B60277600F6F7A3 /* Debug */ = {
			isa = XCBuildConfiguration;
			buildSettings = {
				ASSETCATALOG_COMPILER_APPICON_NAME = AppIcon;
				INFOPLIST_FILE = PL4HMNoteWithSave/Info.plist;
				LD_RUNPATH_SEARCH_PATHS = "$(inherited) @executable_path/Frameworks";
				PRODUCT_NAME = "$(TARGET_NAME)";
			};
			name = Debug;
		};
		70A5481E1B60277600F6F7A3 /* Release */ = {
			isa = XCBuildConfiguration;
			buildSettings = {
				ASSETCATALOG_COMPILER_APPICON_NAME = AppIcon;
				INFOPLIST_FILE = PL4HMNoteWithSave/Info.plist;
				LD_RUNPATH_SEARCH_PATHS = "$(inherited) @executable_path/Frameworks";
				PRODUCT_NAME = "$(TARGET_NAME)";
			};
			name = Release;
		};
		70A548201B60277600F6F7A3 /* Debug */ = {
			isa = XCBuildConfiguration;
			buildSettings = {
				BUNDLE_LOADER = "$(TEST_HOST)";
				FRAMEWORK_SEARCH_PATHS = (
					"$(SDKROOT)/Developer/Library/Frameworks",
					"$(inherited)",
				);
				GCC_PREPROCESSOR_DEFINITIONS = (
					"DEBUG=1",
					"$(inherited)",
				);
				INFOPLIST_FILE = PL4HMNoteWithSaveTests/Info.plist;
				LD_RUNPATH_SEARCH_PATHS = "$(inherited) @executable_path/Frameworks @loader_path/Frameworks";
				PRODUCT_NAME = "$(TARGET_NAME)";
				TEST_HOST = "$(BUILT_PRODUCTS_DIR)/PL4HMNoteWithSave.app/PL4HMNoteWithSave";
			};
			name = Debug;
		};
		70A548211B60277600F6F7A3 /* Release */ = {
			isa = XCBuildConfiguration;
			buildSettings = {
				BUNDLE_LOADER = "$(TEST_HOST)";
				FRAMEWORK_SEARCH_PATHS = (
					"$(SDKROOT)/Developer/Library/Frameworks",
					"$(inherited)",
				);
				INFOPLIST_FILE = PL4HMNoteWithSaveTests/Info.plist;
				LD_RUNPATH_SEARCH_PATHS = "$(inherited) @executable_path/Frameworks @loader_path/Frameworks";
				PRODUCT_NAME = "$(TARGET_NAME)";
				TEST_HOST = "$(BUILT_PRODUCTS_DIR)/PL4HMNoteWithSave.app/PL4HMNoteWithSave";
			};
			name = Release;
		};
/* End XCBuildConfiguration section */

/* Begin XCConfigurationList section */
		70A547F41B60277500F6F7A3 /* Build configuration list for PBXProject "PL4HMNoteWithSave" */ = {
			isa = XCConfigurationList;
			buildConfigurations = (
				70A5481A1B60277600F6F7A3 /* Debug */,
				70A5481B1B60277600F6F7A3 /* Release */,
			);
			defaultConfigurationIsVisible = 0;
			defaultConfigurationName = Release;
		};
		70A5481C1B60277600F6F7A3 /* Build configuration list for PBXNativeTarget "PL4HMNoteWithSave" */ = {
			isa = XCConfigurationList;
			buildConfigurations = (
				70A5481D1B60277600F6F7A3 /* Debug */,
				70A5481E1B60277600F6F7A3 /* Release */,
			);
			defaultConfigurationIsVisible = 0;
		};
		70A5481F1B60277600F6F7A3 /* Build configuration list for PBXNativeTarget "PL4HMNoteWithSaveTests" */ = {
			isa = XCConfigurationList;
			buildConfigurations = (
				70A548201B60277600F6F7A3 /* Debug */,
				70A548211B60277600F6F7A3 /* Release */,
			);
			defaultConfigurationIsVisible = 0;
		};
/* End XCConfigurationList section */
	};
	rootObject = 70A547F11B60277500F6F7A3 /* Project object */;
}
